<?xml version="1.0" encoding="utf-8"?>
<Project ToolsVersion="4.0" xmlns="http://schemas.microsoft.com/developer/msbuild/2003">
  <ItemGroup>
    <Filter Include="Source Files">
      <UniqueIdentifier>{4FC737F1-C7A5-4376-A066-2A32D752A2FF}</UniqueIdentifier>
      <Extensions>cpp;c;cc;cxx;def;odl;idl;hpj;bat;asm;asmx</Extensions>
    </Filter>
    <Filter Include="glut">
      <UniqueIdentifier>{465be19b-57a5-4671-b8bb-49d57dd881fb}</UniqueIdentifier>
    </Filter>
  </ItemGroup>
  <ItemGroup>
    <ClCompile Include="main.cpp">
      <Filter>Source Files</Filter>
    </ClCompile>
    <ClCompile Include="glut\glut_8x13.c">
      <Filter>glut</Filter>
    </ClCompile>
    <ClCompile Include="glut\glut_9x15.c">
      <Filter>glut</Filter>
    </ClCompile>
    <ClCompile Include="glut\glut_cmap.c">
      <Filter>glut</Filter>
    </ClCompile>
    <ClCompile Include="glut\glut_cursor.c">
      <Filter>glut</Filter>
    </ClCompile>
    <ClCompile Include="glut\glut_event.c">
      <Filter>glut</Filter>
    </ClCompile>
    <ClCompile Include="glut\glut_gamemode.c">
      <Filter>glut</Filter>
    </ClCompile>
    <ClCompile Include="glut\glut_get.c">
      <Filter>glut</Filter>
    </ClCompile>
    <ClCompile Include="glut\glut_hel10.c">
      <Filter>glut</Filter>
    </ClCompile>
    <ClCompile Include="glut\glut_hel12.c">
      <Filter>glut</Filter>
    </ClCompile>
    <ClCompile Include="glut\glut_hel18.c">
      <Filter>glut</Filter>
    </ClCompile>
    <ClCompile Include="glut\glut_init.c">
      <Filter>glut</Filter>
    </ClCompile>
    <ClCompile Include="glut\glut_key.c">
      <Filter>glut</Filter>
    </ClCompile>
    <ClCompile Include="glut\glut_keyctrl.c">
      <Filter>glut</Filter>
    </ClCompile>
    <ClCompile Include="glut\glut_keyup.c">
      <Filter>glut</Filter>
    </ClCompile>
    <ClCompile Include="glut\glut_mesa.c">
      <Filter>glut</Filter>
    </ClCompile>
    <ClCompile Include="glut\glut_mroman.c">
      <Filter>glut</Filter>
    </ClCompile>
    <ClCompile Include="glut\glut_roman.c">
      <Filter>glut</Filter>
    </ClCompile>
    <ClCompile Include="glut\glut_swap.c">
      <Filter>glut</Filter>
    </ClCompile>
    <ClCompile Include="glut\glut_tr10.c">
      <Filter>glut</Filter>
    </ClCompile>
    <ClCompile Include="glut\glut_tr24.c">
      <Filter>glut</Filter>
    </ClCompile>
    <ClCompile Include="glut\glut_util.c">
      <Filter>glut</Filter>
    </ClCompile>
    <ClCompile Include="glut\glut_win.c">
      <Filter>glut</Filter>
    </ClCompile>
    <ClCompile Include="glut\win32_glx.c">
      <Filter>glut</Filter>
    </ClCompile>
    <ClCompile Include="glut\win32_menu.c">
      <Filter>glut</Filter>
    </ClCompile>
    <ClCompile Include="glut\win32_util.c">
      <Filter>glut</Filter>
    </ClCompile>
    <ClCompile Include="glut\win32_winproc.c">
      <Filter>glut</Filter>
    </ClCompile>
    <ClCompile Include="glut\win32_x11.c">
      <Filter>glut</Filter>
    </ClCompile>
    <ClCompile Include="test.cpp">
      <Filter>Source Files</Filter>
    </ClCompile>
    <ClCompile Include="..\..\wgspb-test-particle-system-master%401850b67f635 (2)\source\c_particle.cpp">
      <Filter>Source Files</Filter>
    </ClCompile>
    <ClCompile Include="..\..\wgspb-test-particle-system-master%401850b67f635 (2)\source\c_particle_system.cpp">
      <Filter>Source Files</Filter>
    </ClCompile>
    <ClCompile Include="..\..\wgspb-test-particle-system-master%401850b67f635 (2)\source\c_random.cpp">
      <Filter>Source Files</Filter>
    </ClCompile>
    <ClCompile Include="..\..\wgspb-test-particle-system-master%401850b67f635 (2)\source\c_effect.cpp">
      <Filter>Source Files</Filter>
    </ClCompile>
    <ClCompile Include="..\..\wgspb-test-particle-system-master%401850b67f635 (2)\source\c_effects_factory.cpp">
      <Filter>Source Files</Filter>
    </ClCompile>
  </ItemGroup>
  <ItemGroup>
    <ClInclude Include="test.h">
      <Filter>Source Files</Filter>
    </ClInclude>
    <ClInclude Include="..\..\wgspb-test-particle-system-master%401850b67f635 (2)\source\c_particle.h" />
    <ClInclude Include="..\..\wgspb-test-particle-system-master%401850b67f635 (2)\source\c_particle_system.h" />
    <ClInclude Include="..\..\wgspb-test-particle-system-master%401850b67f635 (2)\source\vec2.h" />
    <ClInclude Include="c_random.h" />
    <ClInclude Include="..\..\wgspb-test-particle-system-master%401850b67f635 (2)\source\c_effect.h" />
    <ClInclude Include="..\..\wgspb-test-particle-system-master%401850b67f635 (2)\source\c_effects_factory.h" />
  </ItemGroup>
</Project>